
Microsoft Visual Studio Solution File, Format Version 12.00
# Visual Studio Version 16
VisualStudioVersion = 16.0.29519.181
MinimumVisualStudioVersion = 10.0.40219.1
Project("{FAE04EC0-301F-11D3-BF4B-00C04F79EFBC}") = "ReflectionDemo", "ReflectionDemo\ReflectionDemo.csproj", "{18B09B36-05E6-4AE0-B7BB-D231D1F96BAC}"
EndProject
Global
	GlobalSection(SolutionConfigurationPlatforms) = preSolution
		Debug|Any CPU = Debug|Any CPU
		Release|Any CPU = Release|Any CPU
	EndGlobalSection
	GlobalSection(ProjectConfigurationPlatforms) = postSolution
		{18B09B36-05E6-4AE0-B7BB-D231D1F96BAC}.Debug|Any CPU.ActiveCfg = Debug|Any CPU
		{18B09B36-05E6-4AE0-B7BB-D231D1F96BAC}.Debug|Any CPU.Build.0 = Debug|Any CPU
		{18B09B36-05E6-4AE0-B7BB-D231D1F96BAC}.Release|Any CPU.ActiveCfg = Release|Any CPU
		{18B09B36-05E6-4AE0-B7BB-D231D1F96BAC}.Release|Any CPU.Build.0 = Release|Any CPU
	EndGlobalSection
	GlobalSection(SolutionProperties) = preSolution
		HideSolutionNode = FALSE
	EndGlobalSection
	GlobalSection(ExtensibilityGlobals) = postSolution
		SolutionGuid = {2031F2EA-8A85-46ED-975E-38498DCC6D78}
	EndGlobalSection
EndGlobal
