
Microsoft Visual Studio Solution File, Format Version 12.00
# Visual Studio Version 16
VisualStudioVersion = 16.0.29519.181
MinimumVisualStudioVersion = 10.0.40219.1
Project("{9A19103F-16F7-4668-BE54-9A1E7A4F7556}") = "ConsoleDemo", "ConsoleDemo\ConsoleDemo.csproj", "{897B5BF7-97A4-469B-94B7-FE68758D839D}"
EndProject
Project("{FAE04EC0-301F-11D3-BF4B-00C04F79EFBC}") = "ApiDemo", "ApiDemo\ApiDemo.csproj", "{3BAB09F3-20D7-4583-9FDE-410F890DC71D}"
EndProject
Global
	GlobalSection(SolutionConfigurationPlatforms) = preSolution
		Debug|Any CPU = Debug|Any CPU
		Release|Any CPU = Release|Any CPU
	EndGlobalSection
	GlobalSection(ProjectConfigurationPlatforms) = postSolution
		{897B5BF7-97A4-469B-94B7-FE68758D839D}.Debug|Any CPU.ActiveCfg = Debug|Any CPU
		{897B5BF7-97A4-469B-94B7-FE68758D839D}.Debug|Any CPU.Build.0 = Debug|Any CPU
		{897B5BF7-97A4-469B-94B7-FE68758D839D}.Release|Any CPU.ActiveCfg = Release|Any CPU
		{897B5BF7-97A4-469B-94B7-FE68758D839D}.Release|Any CPU.Build.0 = Release|Any CPU
		{3BAB09F3-20D7-4583-9FDE-410F890DC71D}.Debug|Any CPU.ActiveCfg = Debug|Any CPU
		{3BAB09F3-20D7-4583-9FDE-410F890DC71D}.Debug|Any CPU.Build.0 = Debug|Any CPU
		{3BAB09F3-20D7-4583-9FDE-410F890DC71D}.Release|Any CPU.ActiveCfg = Release|Any CPU
		{3BAB09F3-20D7-4583-9FDE-410F890DC71D}.Release|Any CPU.Build.0 = Release|Any CPU
	EndGlobalSection
	GlobalSection(SolutionProperties) = preSolution
		HideSolutionNode = FALSE
	EndGlobalSection
	GlobalSection(ExtensibilityGlobals) = postSolution
		SolutionGuid = {18CF33B2-C17F-4974-B0A1-C4CBF13540F7}
	EndGlobalSection
EndGlobal
