
Microsoft Visual Studio Solution File, Format Version 12.00
# Visual Studio Version 16
VisualStudioVersion = 16.0.29728.190
MinimumVisualStudioVersion = 10.0.40219.1
Project("{FAE04EC0-301F-11D3-BF4B-00C04F79EFBC}") = "ApiDemo", "ApiDemo\ApiDemo.csproj", "{2DC91365-E5AB-442C-A34D-65F957CE3E92}"
EndProject
Global
	GlobalSection(SolutionConfigurationPlatforms) = preSolution
		Debug|Any CPU = Debug|Any CPU
		Release|Any CPU = Release|Any CPU
	EndGlobalSection
	GlobalSection(ProjectConfigurationPlatforms) = postSolution
		{2DC91365-E5AB-442C-A34D-65F957CE3E92}.Debug|Any CPU.ActiveCfg = Debug|Any CPU
		{2DC91365-E5AB-442C-A34D-65F957CE3E92}.Debug|Any CPU.Build.0 = Debug|Any CPU
		{2DC91365-E5AB-442C-A34D-65F957CE3E92}.Release|Any CPU.ActiveCfg = Release|Any CPU
		{2DC91365-E5AB-442C-A34D-65F957CE3E92}.Release|Any CPU.Build.0 = Release|Any CPU
	EndGlobalSection
	GlobalSection(SolutionProperties) = preSolution
		HideSolutionNode = FALSE
	EndGlobalSection
	GlobalSection(ExtensibilityGlobals) = postSolution
		SolutionGuid = {CC5ECB18-CCC2-4293-B828-9B082E8C2BED}
	EndGlobalSection
EndGlobal
