
Microsoft Visual Studio Solution File, Format Version 12.00
# Visual Studio Version 16
VisualStudioVersion = 16.0.29025.244
MinimumVisualStudioVersion = 10.0.40219.1
Project("{FAE04EC0-301F-11D3-BF4B-00C04F79EFBC}") = "SslSocketDemo", "SslSocketDemo\SslSocketDemo.csproj", "{7546BAA4-F3AD-43F7-9EA4-6C84A584676D}"
EndProject
Global
	GlobalSection(SolutionConfigurationPlatforms) = preSolution
		Debug|Any CPU = Debug|Any CPU
		Release|Any CPU = Release|Any CPU
	EndGlobalSection
	GlobalSection(ProjectConfigurationPlatforms) = postSolution
		{7546BAA4-F3AD-43F7-9EA4-6C84A584676D}.Debug|Any CPU.ActiveCfg = Debug|Any CPU
		{7546BAA4-F3AD-43F7-9EA4-6C84A584676D}.Debug|Any CPU.Build.0 = Debug|Any CPU
		{7546BAA4-F3AD-43F7-9EA4-6C84A584676D}.Release|Any CPU.ActiveCfg = Release|Any CPU
		{7546BAA4-F3AD-43F7-9EA4-6C84A584676D}.Release|Any CPU.Build.0 = Release|Any CPU
	EndGlobalSection
	GlobalSection(SolutionProperties) = preSolution
		HideSolutionNode = FALSE
	EndGlobalSection
	GlobalSection(ExtensibilityGlobals) = postSolution
		SolutionGuid = {36235F39-9FFE-40C9-B3E1-4A504DABC3D1}
	EndGlobalSection
EndGlobal
