
Microsoft Visual Studio Solution File, Format Version 12.00
# Visual Studio Version 16
VisualStudioVersion = 16.0.29009.5
MinimumVisualStudioVersion = 10.0.40219.1
Project("{FAE04EC0-301F-11D3-BF4B-00C04F79EFBC}") = "WorkFlowCoreDemo.HelloWorld", "WorkFlowCoreDemo.HelloWorld\WorkFlowCoreDemo.HelloWorld.csproj", "{1D17CD38-BB65-4594-A61C-735474C0628E}"
EndProject
Project("{2150E333-8FDC-42A3-9474-1A3956D46DE8}") = "01HelloWorld", "01HelloWorld", "{8C08FE45-679B-4FD2-9454-D1B764BCE6BA}"
EndProject
Global
	GlobalSection(SolutionConfigurationPlatforms) = preSolution
		Debug|Any CPU = Debug|Any CPU
		Release|Any CPU = Release|Any CPU
	EndGlobalSection
	GlobalSection(ProjectConfigurationPlatforms) = postSolution
		{1D17CD38-BB65-4594-A61C-735474C0628E}.Debug|Any CPU.ActiveCfg = Debug|Any CPU
		{1D17CD38-BB65-4594-A61C-735474C0628E}.Debug|Any CPU.Build.0 = Debug|Any CPU
		{1D17CD38-BB65-4594-A61C-735474C0628E}.Release|Any CPU.ActiveCfg = Release|Any CPU
		{1D17CD38-BB65-4594-A61C-735474C0628E}.Release|Any CPU.Build.0 = Release|Any CPU
	EndGlobalSection
	GlobalSection(SolutionProperties) = preSolution
		HideSolutionNode = FALSE
	EndGlobalSection
	GlobalSection(NestedProjects) = preSolution
		{1D17CD38-BB65-4594-A61C-735474C0628E} = {8C08FE45-679B-4FD2-9454-D1B764BCE6BA}
	EndGlobalSection
	GlobalSection(ExtensibilityGlobals) = postSolution
		SolutionGuid = {D7C36950-EA2F-480E-809C-489556A2A755}
	EndGlobalSection
EndGlobal
