
Microsoft Visual Studio Solution File, Format Version 12.00
# Visual Studio Version 16
VisualStudioVersion = 16.0.29009.5
MinimumVisualStudioVersion = 10.0.40219.1
Project("{2150E333-8FDC-42A3-9474-1A3956D46DE8}") = "1.Shared Code", "1.Shared Code", "{32D6678C-BABD-4B0A-817C-8727799A1298}"
EndProject
Project("{2150E333-8FDC-42A3-9474-1A3956D46DE8}") = "2.Quick Start", "2.Quick Start", "{20493DE1-F0AF-4AC1-B2A0-DA318AD7311D}"
EndProject
Project("{9A19103F-16F7-4668-BE54-9A1E7A4F7556}") = "EasyNetQDemo.Common", "1.ShareCode\EasyNetQDemo.Common.csproj", "{EBC79355-CDC1-4D93-A7CD-702F42AD931A}"
EndProject
Project("{9A19103F-16F7-4668-BE54-9A1E7A4F7556}") = "EasyNetQDemo.QuickStart_Sender", "2.QuickStart\EasyNetQDemo.QuickStart_Sender\EasyNetQDemo.QuickStart_Sender.csproj", "{7D61AD7A-3004-417A-B851-9B1ED45F6ECE}"
EndProject
Project("{9A19103F-16F7-4668-BE54-9A1E7A4F7556}") = "EasyNetQDemo.QuickStart_Subscriber", "2.QuickStart\EasyNetQDemo.QuickStart_Subscriber\EasyNetQDemo.QuickStart_Subscriber.csproj", "{0B53BACA-899E-4774-9881-9FFD844DC4E4}"
EndProject
Project("{2150E333-8FDC-42A3-9474-1A3956D46DE8}") = "3.Publish and Subscribe", "3.Publish and Subscribe", "{8EF3816E-48DD-47C9-98F4-BE09C52DCF8D}"
EndProject
Project("{2150E333-8FDC-42A3-9474-1A3956D46DE8}") = "3.1.Simple Publish and Subscribe", "3.1.Simple Publish and Subscribe", "{C54CAC75-BB41-4427-A7B1-256B780262E6}"
EndProject
Project("{2150E333-8FDC-42A3-9474-1A3956D46DE8}") = "3.2.Publisher Confirmation", "3.2.Publisher Confirmation", "{01EE4A40-AF52-4AB6-9AF8-1A961A691660}"
EndProject
Project("{2150E333-8FDC-42A3-9474-1A3956D46DE8}") = "3.3.Polymorphic Publish and Subscribe", "3.3.Polymorphic Publish and Subscribe", "{212B6F4B-3BAA-44E4-958E-E78E95D8608C}"
EndProject
Project("{2150E333-8FDC-42A3-9474-1A3956D46DE8}") = "3.4.Controlling Queue and Exchange Names", "3.4.Controlling Queue and Exchange Names", "{32201E81-DF44-42CE-BBB6-290BD2681C63}"
EndProject
Project("{9A19103F-16F7-4668-BE54-9A1E7A4F7556}") = "EasyNetQDemo.SubscribeAsync", "3.PublishAndSubscribe\3.1SimplePublishAndSubscribe\EasyNetQDemo.SubscribeAsync\EasyNetQDemo.SubscribeAsync.csproj", "{A9C3F6AF-7E5E-4F18-BE0F-DAE4F5AC98E4}"
EndProject
Project("{9A19103F-16F7-4668-BE54-9A1E7A4F7556}") = "EasyNetQDemo.Publish", "3.PublishAndSubscribe\3.1SimplePublishAndSubscribe\EasyNetQDemo.Publish\EasyNetQDemo.Publish.csproj", "{05CF70F1-FE50-475A-A552-6C97D00A5BE4}"
EndProject
Project("{9A19103F-16F7-4668-BE54-9A1E7A4F7556}") = "EasyNetQDemo.Subscribe", "3.PublishAndSubscribe\3.1SimplePublishAndSubscribe\EasyNetQDemo.Subscribe\EasyNetQDemo.Subscribe.csproj", "{BD28ADF1-2D63-429D-BCC8-DF3D7178484E}"
EndProject
Project("{9A19103F-16F7-4668-BE54-9A1E7A4F7556}") = "EasyNetQDemo.PublishConfirm", "3.PublishAndSubscribe\3.2PublishConfirmation\EasyNetQDemo.PublishConfirm\EasyNetQDemo.PublishConfirm.csproj", "{91401617-5A0D-4C8D-B6D7-A45BDAC9F4F6}"
EndProject
Project("{9A19103F-16F7-4668-BE54-9A1E7A4F7556}") = "EasyNetQDemo.PolymorphicPublish", "3.PublishAndSubscribe\3.3PolymorphicPublishAndSubscribe\EasyNetQDemo.PolymorphicPublish\EasyNetQDemo.PolymorphicPublish.csproj", "{9EE47E66-4407-44BC-B94B-B0C3DEA7E66C}"
EndProject
Project("{9A19103F-16F7-4668-BE54-9A1E7A4F7556}") = "EasyNetQDemo.PolymorphicSubscribe", "3.PublishAndSubscribe\3.3PolymorphicPublishAndSubscribe\EasyNetQDemo.PolymorphicSubscribe\EasyNetQDemo.PolymorphicSubscribe.csproj", "{CA0EA027-3FFA-49A8-9EEF-2D2DED937BAD}"
EndProject
Project("{9A19103F-16F7-4668-BE54-9A1E7A4F7556}") = "EasyNetQDemo.NamedQueuePublish", "3.PublishAndSubscribe\3.4ControllingQueueAndExchangeNames\EasyNetQDemo.NamedQueuePublish\EasyNetQDemo.NamedQueuePublish.csproj", "{C540EDF0-7D2E-45DB-B208-65C4D6C819B4}"
EndProject
Project("{9A19103F-16F7-4668-BE54-9A1E7A4F7556}") = "EasyNetQDemo.NamedQueueSubscribe", "3.PublishAndSubscribe\3.4ControllingQueueAndExchangeNames\EasyNetQDemo.NamedQueueSubscribe\EasyNetQDemo.NamedQueueSubscribe.csproj", "{95796DA6-0F90-4D40-ACE7-2D8A739F529F}"
EndProject
Project("{2150E333-8FDC-42A3-9474-1A3956D46DE8}") = "4.Request and Response", "4.Request and Response", "{27BB4B34-4C69-483B-AEF4-B27B25101C7F}"
EndProject
Project("{9A19103F-16F7-4668-BE54-9A1E7A4F7556}") = "EasyNetQDemo.Request", "4.RequestAndResponse\EasyNetQDemo.Request\EasyNetQDemo.Request.csproj", "{CAF93A01-217A-4813-8FE5-A0FDE1B13712}"
EndProject
Project("{9A19103F-16F7-4668-BE54-9A1E7A4F7556}") = "EasyNetQDemo.RequestAsync", "4.RequestAndResponse\EasyNetQDemo.RequestAsync\EasyNetQDemo.RequestAsync.csproj", "{66112DF4-2ECA-4DB3-84B3-9F3F508ACA6A}"
EndProject
Project("{9A19103F-16F7-4668-BE54-9A1E7A4F7556}") = "EasyNetQDemo.Response", "4.RequestAndResponse\EasyNetQDemo.Response\EasyNetQDemo.Response.csproj", "{E2FF1684-92D9-4E98-8E51-46BEB4914D32}"
EndProject
Project("{9A19103F-16F7-4668-BE54-9A1E7A4F7556}") = "EasyNetQDemo.ResponseAsync", "4.RequestAndResponse\EasyNetQDemo.ResponseAsync\EasyNetQDemo.ResponseAsync.csproj", "{0CB93AA0-DF96-4853-9881-9C58F600527D}"
EndProject
Project("{2150E333-8FDC-42A3-9474-1A3956D46DE8}") = "5.Send And Receive", "5.Send And Receive", "{A8AD9618-DCA7-42E3-9F05-4EE341AB9D44}"
EndProject
Project("{2150E333-8FDC-42A3-9474-1A3956D46DE8}") = "6.Topic Based Routing", "6.Topic Based Routing", "{FACBD6F5-5BF0-4869-A953-2B7C0EF06B25}"
EndProject
Project("{9A19103F-16F7-4668-BE54-9A1E7A4F7556}") = "EasyNetQDemo.Receive", "5.SendAndReceive\EasyNetQDemo.Receive\EasyNetQDemo.Receive.csproj", "{782BDC18-C7BD-4374-91CD-DCBEE5780BD8}"
EndProject
Project("{9A19103F-16F7-4668-BE54-9A1E7A4F7556}") = "EasyNetQDemo.ReceiveMultiple", "5.SendAndReceive\EasyNetQDemo.ReceiveMultiple\EasyNetQDemo.ReceiveMultiple.csproj", "{22274F36-E968-4DE2-A35E-C9EFA451A29D}"
EndProject
Project("{9A19103F-16F7-4668-BE54-9A1E7A4F7556}") = "EasyNetQDemo.Send", "5.SendAndReceive\EasyNetQDemo.Send\EasyNetQDemo.Send.csproj", "{DBB25910-AE1B-4DB2-81C7-315AB739EB3D}"
EndProject
Project("{9A19103F-16F7-4668-BE54-9A1E7A4F7556}") = "EasyNetQDemo.AccountsTopicSubscriber", "6.TopicBasedRouting\EasyNetQDemo.AccountsTopicSubscriber\EasyNetQDemo.AccountsTopicSubscriber.csproj", "{E109772E-E4CA-4F10-A753-6CD451C3F763}"
EndProject
Project("{9A19103F-16F7-4668-BE54-9A1E7A4F7556}") = "EasyNetQDemo.CardPaymentTopicsSubscriber", "6.TopicBasedRouting\EasyNetQDemo.CardPaymentTopicsSubscriber\EasyNetQDemo.CardPaymentTopicsSubscriber.csproj", "{8818654F-3474-4745-A078-DE64A1F82525}"
EndProject
Project("{9A19103F-16F7-4668-BE54-9A1E7A4F7556}") = "EasyNetQDemo.PurchaseOrderTopicSubscriber", "6.TopicBasedRouting\EasyNetQDemo.PurchaseOrderTopicSubscriber\EasyNetQDemo.PurchaseOrderTopicSubscriber.csproj", "{BB484C82-D8F4-4086-964B-23B37CD95AAA}"
EndProject
Project("{9A19103F-16F7-4668-BE54-9A1E7A4F7556}") = "EasyNetQDemo.TopicPublisher", "6.TopicBasedRouting\EasyNetQDemo.TopicPublisher\EasyNetQDemo.TopicPublisher.csproj", "{5682A952-86EB-4813-A2E2-9722BB85A01B}"
EndProject
Project("{2150E333-8FDC-42A3-9474-1A3956D46DE8}") = "9.LTS_Demos", "9.LTS_Demos", "{A8B95495-D4C9-4308-8999-3E4E2554B45A}"
EndProject
Project("{2150E333-8FDC-42A3-9474-1A3956D46DE8}") = "9.1异常处理", "9.1异常处理", "{60245948-3C79-4B3E-BB7C-179FD9128A6F}"
EndProject
Project("{9A19103F-16F7-4668-BE54-9A1E7A4F7556}") = "EasyNetQDemo.ErrorHandler", "9.补充Demo\9.1异常处理\EasyNetQDemo.ErrorHandler\EasyNetQDemo.ErrorHandler.csproj", "{BF447216-37B8-4EAA-AC1E-45D27726CFB1}"
EndProject
Global
	GlobalSection(SolutionConfigurationPlatforms) = preSolution
		Debug|Any CPU = Debug|Any CPU
		Release|Any CPU = Release|Any CPU
	EndGlobalSection
	GlobalSection(ProjectConfigurationPlatforms) = postSolution
		{EBC79355-CDC1-4D93-A7CD-702F42AD931A}.Debug|Any CPU.ActiveCfg = Debug|Any CPU
		{EBC79355-CDC1-4D93-A7CD-702F42AD931A}.Debug|Any CPU.Build.0 = Debug|Any CPU
		{EBC79355-CDC1-4D93-A7CD-702F42AD931A}.Release|Any CPU.ActiveCfg = Release|Any CPU
		{EBC79355-CDC1-4D93-A7CD-702F42AD931A}.Release|Any CPU.Build.0 = Release|Any CPU
		{7D61AD7A-3004-417A-B851-9B1ED45F6ECE}.Debug|Any CPU.ActiveCfg = Debug|Any CPU
		{7D61AD7A-3004-417A-B851-9B1ED45F6ECE}.Debug|Any CPU.Build.0 = Debug|Any CPU
		{7D61AD7A-3004-417A-B851-9B1ED45F6ECE}.Release|Any CPU.ActiveCfg = Release|Any CPU
		{7D61AD7A-3004-417A-B851-9B1ED45F6ECE}.Release|Any CPU.Build.0 = Release|Any CPU
		{0B53BACA-899E-4774-9881-9FFD844DC4E4}.Debug|Any CPU.ActiveCfg = Debug|Any CPU
		{0B53BACA-899E-4774-9881-9FFD844DC4E4}.Debug|Any CPU.Build.0 = Debug|Any CPU
		{0B53BACA-899E-4774-9881-9FFD844DC4E4}.Release|Any CPU.ActiveCfg = Release|Any CPU
		{0B53BACA-899E-4774-9881-9FFD844DC4E4}.Release|Any CPU.Build.0 = Release|Any CPU
		{A9C3F6AF-7E5E-4F18-BE0F-DAE4F5AC98E4}.Debug|Any CPU.ActiveCfg = Debug|Any CPU
		{A9C3F6AF-7E5E-4F18-BE0F-DAE4F5AC98E4}.Debug|Any CPU.Build.0 = Debug|Any CPU
		{A9C3F6AF-7E5E-4F18-BE0F-DAE4F5AC98E4}.Release|Any CPU.ActiveCfg = Release|Any CPU
		{A9C3F6AF-7E5E-4F18-BE0F-DAE4F5AC98E4}.Release|Any CPU.Build.0 = Release|Any CPU
		{05CF70F1-FE50-475A-A552-6C97D00A5BE4}.Debug|Any CPU.ActiveCfg = Debug|Any CPU
		{05CF70F1-FE50-475A-A552-6C97D00A5BE4}.Debug|Any CPU.Build.0 = Debug|Any CPU
		{05CF70F1-FE50-475A-A552-6C97D00A5BE4}.Release|Any CPU.ActiveCfg = Release|Any CPU
		{05CF70F1-FE50-475A-A552-6C97D00A5BE4}.Release|Any CPU.Build.0 = Release|Any CPU
		{BD28ADF1-2D63-429D-BCC8-DF3D7178484E}.Debug|Any CPU.ActiveCfg = Debug|Any CPU
		{BD28ADF1-2D63-429D-BCC8-DF3D7178484E}.Debug|Any CPU.Build.0 = Debug|Any CPU
		{BD28ADF1-2D63-429D-BCC8-DF3D7178484E}.Release|Any CPU.ActiveCfg = Release|Any CPU
		{BD28ADF1-2D63-429D-BCC8-DF3D7178484E}.Release|Any CPU.Build.0 = Release|Any CPU
		{91401617-5A0D-4C8D-B6D7-A45BDAC9F4F6}.Debug|Any CPU.ActiveCfg = Debug|Any CPU
		{91401617-5A0D-4C8D-B6D7-A45BDAC9F4F6}.Debug|Any CPU.Build.0 = Debug|Any CPU
		{91401617-5A0D-4C8D-B6D7-A45BDAC9F4F6}.Release|Any CPU.ActiveCfg = Release|Any CPU
		{91401617-5A0D-4C8D-B6D7-A45BDAC9F4F6}.Release|Any CPU.Build.0 = Release|Any CPU
		{9EE47E66-4407-44BC-B94B-B0C3DEA7E66C}.Debug|Any CPU.ActiveCfg = Debug|Any CPU
		{9EE47E66-4407-44BC-B94B-B0C3DEA7E66C}.Debug|Any CPU.Build.0 = Debug|Any CPU
		{9EE47E66-4407-44BC-B94B-B0C3DEA7E66C}.Release|Any CPU.ActiveCfg = Release|Any CPU
		{9EE47E66-4407-44BC-B94B-B0C3DEA7E66C}.Release|Any CPU.Build.0 = Release|Any CPU
		{CA0EA027-3FFA-49A8-9EEF-2D2DED937BAD}.Debug|Any CPU.ActiveCfg = Debug|Any CPU
		{CA0EA027-3FFA-49A8-9EEF-2D2DED937BAD}.Debug|Any CPU.Build.0 = Debug|Any CPU
		{CA0EA027-3FFA-49A8-9EEF-2D2DED937BAD}.Release|Any CPU.ActiveCfg = Release|Any CPU
		{CA0EA027-3FFA-49A8-9EEF-2D2DED937BAD}.Release|Any CPU.Build.0 = Release|Any CPU
		{C540EDF0-7D2E-45DB-B208-65C4D6C819B4}.Debug|Any CPU.ActiveCfg = Debug|Any CPU
		{C540EDF0-7D2E-45DB-B208-65C4D6C819B4}.Debug|Any CPU.Build.0 = Debug|Any CPU
		{C540EDF0-7D2E-45DB-B208-65C4D6C819B4}.Release|Any CPU.ActiveCfg = Release|Any CPU
		{C540EDF0-7D2E-45DB-B208-65C4D6C819B4}.Release|Any CPU.Build.0 = Release|Any CPU
		{95796DA6-0F90-4D40-ACE7-2D8A739F529F}.Debug|Any CPU.ActiveCfg = Debug|Any CPU
		{95796DA6-0F90-4D40-ACE7-2D8A739F529F}.Debug|Any CPU.Build.0 = Debug|Any CPU
		{95796DA6-0F90-4D40-ACE7-2D8A739F529F}.Release|Any CPU.ActiveCfg = Release|Any CPU
		{95796DA6-0F90-4D40-ACE7-2D8A739F529F}.Release|Any CPU.Build.0 = Release|Any CPU
		{CAF93A01-217A-4813-8FE5-A0FDE1B13712}.Debug|Any CPU.ActiveCfg = Debug|Any CPU
		{CAF93A01-217A-4813-8FE5-A0FDE1B13712}.Debug|Any CPU.Build.0 = Debug|Any CPU
		{CAF93A01-217A-4813-8FE5-A0FDE1B13712}.Release|Any CPU.ActiveCfg = Release|Any CPU
		{CAF93A01-217A-4813-8FE5-A0FDE1B13712}.Release|Any CPU.Build.0 = Release|Any CPU
		{66112DF4-2ECA-4DB3-84B3-9F3F508ACA6A}.Debug|Any CPU.ActiveCfg = Debug|Any CPU
		{66112DF4-2ECA-4DB3-84B3-9F3F508ACA6A}.Debug|Any CPU.Build.0 = Debug|Any CPU
		{66112DF4-2ECA-4DB3-84B3-9F3F508ACA6A}.Release|Any CPU.ActiveCfg = Release|Any CPU
		{66112DF4-2ECA-4DB3-84B3-9F3F508ACA6A}.Release|Any CPU.Build.0 = Release|Any CPU
		{E2FF1684-92D9-4E98-8E51-46BEB4914D32}.Debug|Any CPU.ActiveCfg = Debug|Any CPU
		{E2FF1684-92D9-4E98-8E51-46BEB4914D32}.Debug|Any CPU.Build.0 = Debug|Any CPU
		{E2FF1684-92D9-4E98-8E51-46BEB4914D32}.Release|Any CPU.ActiveCfg = Release|Any CPU
		{E2FF1684-92D9-4E98-8E51-46BEB4914D32}.Release|Any CPU.Build.0 = Release|Any CPU
		{0CB93AA0-DF96-4853-9881-9C58F600527D}.Debug|Any CPU.ActiveCfg = Debug|Any CPU
		{0CB93AA0-DF96-4853-9881-9C58F600527D}.Debug|Any CPU.Build.0 = Debug|Any CPU
		{0CB93AA0-DF96-4853-9881-9C58F600527D}.Release|Any CPU.ActiveCfg = Release|Any CPU
		{0CB93AA0-DF96-4853-9881-9C58F600527D}.Release|Any CPU.Build.0 = Release|Any CPU
		{782BDC18-C7BD-4374-91CD-DCBEE5780BD8}.Debug|Any CPU.ActiveCfg = Debug|Any CPU
		{782BDC18-C7BD-4374-91CD-DCBEE5780BD8}.Debug|Any CPU.Build.0 = Debug|Any CPU
		{782BDC18-C7BD-4374-91CD-DCBEE5780BD8}.Release|Any CPU.ActiveCfg = Release|Any CPU
		{782BDC18-C7BD-4374-91CD-DCBEE5780BD8}.Release|Any CPU.Build.0 = Release|Any CPU
		{22274F36-E968-4DE2-A35E-C9EFA451A29D}.Debug|Any CPU.ActiveCfg = Debug|Any CPU
		{22274F36-E968-4DE2-A35E-C9EFA451A29D}.Debug|Any CPU.Build.0 = Debug|Any CPU
		{22274F36-E968-4DE2-A35E-C9EFA451A29D}.Release|Any CPU.ActiveCfg = Release|Any CPU
		{22274F36-E968-4DE2-A35E-C9EFA451A29D}.Release|Any CPU.Build.0 = Release|Any CPU
		{DBB25910-AE1B-4DB2-81C7-315AB739EB3D}.Debug|Any CPU.ActiveCfg = Debug|Any CPU
		{DBB25910-AE1B-4DB2-81C7-315AB739EB3D}.Debug|Any CPU.Build.0 = Debug|Any CPU
		{DBB25910-AE1B-4DB2-81C7-315AB739EB3D}.Release|Any CPU.ActiveCfg = Release|Any CPU
		{DBB25910-AE1B-4DB2-81C7-315AB739EB3D}.Release|Any CPU.Build.0 = Release|Any CPU
		{E109772E-E4CA-4F10-A753-6CD451C3F763}.Debug|Any CPU.ActiveCfg = Debug|Any CPU
		{E109772E-E4CA-4F10-A753-6CD451C3F763}.Debug|Any CPU.Build.0 = Debug|Any CPU
		{E109772E-E4CA-4F10-A753-6CD451C3F763}.Release|Any CPU.ActiveCfg = Release|Any CPU
		{E109772E-E4CA-4F10-A753-6CD451C3F763}.Release|Any CPU.Build.0 = Release|Any CPU
		{8818654F-3474-4745-A078-DE64A1F82525}.Debug|Any CPU.ActiveCfg = Debug|Any CPU
		{8818654F-3474-4745-A078-DE64A1F82525}.Debug|Any CPU.Build.0 = Debug|Any CPU
		{8818654F-3474-4745-A078-DE64A1F82525}.Release|Any CPU.ActiveCfg = Release|Any CPU
		{8818654F-3474-4745-A078-DE64A1F82525}.Release|Any CPU.Build.0 = Release|Any CPU
		{BB484C82-D8F4-4086-964B-23B37CD95AAA}.Debug|Any CPU.ActiveCfg = Debug|Any CPU
		{BB484C82-D8F4-4086-964B-23B37CD95AAA}.Debug|Any CPU.Build.0 = Debug|Any CPU
		{BB484C82-D8F4-4086-964B-23B37CD95AAA}.Release|Any CPU.ActiveCfg = Release|Any CPU
		{BB484C82-D8F4-4086-964B-23B37CD95AAA}.Release|Any CPU.Build.0 = Release|Any CPU
		{5682A952-86EB-4813-A2E2-9722BB85A01B}.Debug|Any CPU.ActiveCfg = Debug|Any CPU
		{5682A952-86EB-4813-A2E2-9722BB85A01B}.Debug|Any CPU.Build.0 = Debug|Any CPU
		{5682A952-86EB-4813-A2E2-9722BB85A01B}.Release|Any CPU.ActiveCfg = Release|Any CPU
		{5682A952-86EB-4813-A2E2-9722BB85A01B}.Release|Any CPU.Build.0 = Release|Any CPU
		{BF447216-37B8-4EAA-AC1E-45D27726CFB1}.Debug|Any CPU.ActiveCfg = Debug|Any CPU
		{BF447216-37B8-4EAA-AC1E-45D27726CFB1}.Debug|Any CPU.Build.0 = Debug|Any CPU
		{BF447216-37B8-4EAA-AC1E-45D27726CFB1}.Release|Any CPU.ActiveCfg = Release|Any CPU
		{BF447216-37B8-4EAA-AC1E-45D27726CFB1}.Release|Any CPU.Build.0 = Release|Any CPU
	EndGlobalSection
	GlobalSection(SolutionProperties) = preSolution
		HideSolutionNode = FALSE
	EndGlobalSection
	GlobalSection(NestedProjects) = preSolution
		{EBC79355-CDC1-4D93-A7CD-702F42AD931A} = {32D6678C-BABD-4B0A-817C-8727799A1298}
		{7D61AD7A-3004-417A-B851-9B1ED45F6ECE} = {20493DE1-F0AF-4AC1-B2A0-DA318AD7311D}
		{0B53BACA-899E-4774-9881-9FFD844DC4E4} = {20493DE1-F0AF-4AC1-B2A0-DA318AD7311D}
		{C54CAC75-BB41-4427-A7B1-256B780262E6} = {8EF3816E-48DD-47C9-98F4-BE09C52DCF8D}
		{01EE4A40-AF52-4AB6-9AF8-1A961A691660} = {8EF3816E-48DD-47C9-98F4-BE09C52DCF8D}
		{212B6F4B-3BAA-44E4-958E-E78E95D8608C} = {8EF3816E-48DD-47C9-98F4-BE09C52DCF8D}
		{32201E81-DF44-42CE-BBB6-290BD2681C63} = {8EF3816E-48DD-47C9-98F4-BE09C52DCF8D}
		{A9C3F6AF-7E5E-4F18-BE0F-DAE4F5AC98E4} = {C54CAC75-BB41-4427-A7B1-256B780262E6}
		{05CF70F1-FE50-475A-A552-6C97D00A5BE4} = {C54CAC75-BB41-4427-A7B1-256B780262E6}
		{BD28ADF1-2D63-429D-BCC8-DF3D7178484E} = {C54CAC75-BB41-4427-A7B1-256B780262E6}
		{91401617-5A0D-4C8D-B6D7-A45BDAC9F4F6} = {01EE4A40-AF52-4AB6-9AF8-1A961A691660}
		{9EE47E66-4407-44BC-B94B-B0C3DEA7E66C} = {212B6F4B-3BAA-44E4-958E-E78E95D8608C}
		{CA0EA027-3FFA-49A8-9EEF-2D2DED937BAD} = {212B6F4B-3BAA-44E4-958E-E78E95D8608C}
		{C540EDF0-7D2E-45DB-B208-65C4D6C819B4} = {32201E81-DF44-42CE-BBB6-290BD2681C63}
		{95796DA6-0F90-4D40-ACE7-2D8A739F529F} = {32201E81-DF44-42CE-BBB6-290BD2681C63}
		{CAF93A01-217A-4813-8FE5-A0FDE1B13712} = {27BB4B34-4C69-483B-AEF4-B27B25101C7F}
		{66112DF4-2ECA-4DB3-84B3-9F3F508ACA6A} = {27BB4B34-4C69-483B-AEF4-B27B25101C7F}
		{E2FF1684-92D9-4E98-8E51-46BEB4914D32} = {27BB4B34-4C69-483B-AEF4-B27B25101C7F}
		{0CB93AA0-DF96-4853-9881-9C58F600527D} = {27BB4B34-4C69-483B-AEF4-B27B25101C7F}
		{782BDC18-C7BD-4374-91CD-DCBEE5780BD8} = {A8AD9618-DCA7-42E3-9F05-4EE341AB9D44}
		{22274F36-E968-4DE2-A35E-C9EFA451A29D} = {A8AD9618-DCA7-42E3-9F05-4EE341AB9D44}
		{DBB25910-AE1B-4DB2-81C7-315AB739EB3D} = {A8AD9618-DCA7-42E3-9F05-4EE341AB9D44}
		{E109772E-E4CA-4F10-A753-6CD451C3F763} = {FACBD6F5-5BF0-4869-A953-2B7C0EF06B25}
		{8818654F-3474-4745-A078-DE64A1F82525} = {FACBD6F5-5BF0-4869-A953-2B7C0EF06B25}
		{BB484C82-D8F4-4086-964B-23B37CD95AAA} = {FACBD6F5-5BF0-4869-A953-2B7C0EF06B25}
		{5682A952-86EB-4813-A2E2-9722BB85A01B} = {FACBD6F5-5BF0-4869-A953-2B7C0EF06B25}
		{60245948-3C79-4B3E-BB7C-179FD9128A6F} = {A8B95495-D4C9-4308-8999-3E4E2554B45A}
		{BF447216-37B8-4EAA-AC1E-45D27726CFB1} = {60245948-3C79-4B3E-BB7C-179FD9128A6F}
	EndGlobalSection
	GlobalSection(ExtensibilityGlobals) = postSolution
		SolutionGuid = {49DC113F-FD5A-46F8-92F4-3B46D6DACA38}
	EndGlobalSection
EndGlobal
