
Microsoft Visual Studio Solution File, Format Version 12.00
# Visual Studio Version 16
VisualStudioVersion = 16.0.29728.190
MinimumVisualStudioVersion = 10.0.40219.1
Project("{9A19103F-16F7-4668-BE54-9A1E7A4F7556}") = "ApiDemo", "ApiDemo\ApiDemo.csproj", "{B9F5EC52-EFAA-49EA-8260-8E20B1F887E0}"
EndProject
Global
	GlobalSection(SolutionConfigurationPlatforms) = preSolution
		Debug|Any CPU = Debug|Any CPU
		Release|Any CPU = Release|Any CPU
	EndGlobalSection
	GlobalSection(ProjectConfigurationPlatforms) = postSolution
		{B9F5EC52-EFAA-49EA-8260-8E20B1F887E0}.Debug|Any CPU.ActiveCfg = Debug|Any CPU
		{B9F5EC52-EFAA-49EA-8260-8E20B1F887E0}.Debug|Any CPU.Build.0 = Debug|Any CPU
		{B9F5EC52-EFAA-49EA-8260-8E20B1F887E0}.Release|Any CPU.ActiveCfg = Release|Any CPU
		{B9F5EC52-EFAA-49EA-8260-8E20B1F887E0}.Release|Any CPU.Build.0 = Release|Any CPU
	EndGlobalSection
	GlobalSection(SolutionProperties) = preSolution
		HideSolutionNode = FALSE
	EndGlobalSection
	GlobalSection(ExtensibilityGlobals) = postSolution
		SolutionGuid = {50D577DE-2D9C-42B2-A52A-76484317E6AB}
	EndGlobalSection
EndGlobal
