
Microsoft Visual Studio Solution File, Format Version 12.00
# Visual Studio Version 16
VisualStudioVersion = 16.0.29519.181
MinimumVisualStudioVersion = 10.0.40219.1
Project("{FAE04EC0-301F-11D3-BF4B-00C04F79EFBC}") = "Publisher", "Publisher\Publisher.csproj", "{61C7E331-3895-4925-8507-3BDBC4BCD97F}"
EndProject
Project("{FAE04EC0-301F-11D3-BF4B-00C04F79EFBC}") = "Subscriber", "Subscriber\Subscriber.csproj", "{0E9D5931-F1A4-4A46-B0AC-66783128A776}"
EndProject
Global
	GlobalSection(SolutionConfigurationPlatforms) = preSolution
		Debug|Any CPU = Debug|Any CPU
		Release|Any CPU = Release|Any CPU
	EndGlobalSection
	GlobalSection(ProjectConfigurationPlatforms) = postSolution
		{61C7E331-3895-4925-8507-3BDBC4BCD97F}.Debug|Any CPU.ActiveCfg = Debug|Any CPU
		{61C7E331-3895-4925-8507-3BDBC4BCD97F}.Debug|Any CPU.Build.0 = Debug|Any CPU
		{61C7E331-3895-4925-8507-3BDBC4BCD97F}.Release|Any CPU.ActiveCfg = Release|Any CPU
		{61C7E331-3895-4925-8507-3BDBC4BCD97F}.Release|Any CPU.Build.0 = Release|Any CPU
		{0E9D5931-F1A4-4A46-B0AC-66783128A776}.Debug|Any CPU.ActiveCfg = Debug|Any CPU
		{0E9D5931-F1A4-4A46-B0AC-66783128A776}.Debug|Any CPU.Build.0 = Debug|Any CPU
		{0E9D5931-F1A4-4A46-B0AC-66783128A776}.Release|Any CPU.ActiveCfg = Release|Any CPU
		{0E9D5931-F1A4-4A46-B0AC-66783128A776}.Release|Any CPU.Build.0 = Release|Any CPU
	EndGlobalSection
	GlobalSection(SolutionProperties) = preSolution
		HideSolutionNode = FALSE
	EndGlobalSection
	GlobalSection(ExtensibilityGlobals) = postSolution
		SolutionGuid = {36FEA510-3DC3-4D38-B947-ADF434D521E4}
	EndGlobalSection
EndGlobal
