
Microsoft Visual Studio Solution File, Format Version 12.00
# Visual Studio Version 16
VisualStudioVersion = 16.0.30225.117
MinimumVisualStudioVersion = 10.0.40219.1
Project("{FAE04EC0-301F-11D3-BF4B-00C04F79EFBC}") = "SnowFlake", "SnowFlake\SnowFlake.csproj", "{392B192A-F5F8-4565-9F4D-F85FC08110C9}"
EndProject
Project("{FAE04EC0-301F-11D3-BF4B-00C04F79EFBC}") = "RandomData", "RandomData\RandomData.csproj", "{3669CB69-219D-48D7-ABFA-4FCA340A74FB}"
EndProject
Global
	GlobalSection(SolutionConfigurationPlatforms) = preSolution
		Debug|Any CPU = Debug|Any CPU
		Release|Any CPU = Release|Any CPU
	EndGlobalSection
	GlobalSection(ProjectConfigurationPlatforms) = postSolution
		{392B192A-F5F8-4565-9F4D-F85FC08110C9}.Debug|Any CPU.ActiveCfg = Debug|Any CPU
		{392B192A-F5F8-4565-9F4D-F85FC08110C9}.Debug|Any CPU.Build.0 = Debug|Any CPU
		{392B192A-F5F8-4565-9F4D-F85FC08110C9}.Release|Any CPU.ActiveCfg = Release|Any CPU
		{392B192A-F5F8-4565-9F4D-F85FC08110C9}.Release|Any CPU.Build.0 = Release|Any CPU
		{3669CB69-219D-48D7-ABFA-4FCA340A74FB}.Debug|Any CPU.ActiveCfg = Debug|Any CPU
		{3669CB69-219D-48D7-ABFA-4FCA340A74FB}.Debug|Any CPU.Build.0 = Debug|Any CPU
		{3669CB69-219D-48D7-ABFA-4FCA340A74FB}.Release|Any CPU.ActiveCfg = Release|Any CPU
		{3669CB69-219D-48D7-ABFA-4FCA340A74FB}.Release|Any CPU.Build.0 = Release|Any CPU
	EndGlobalSection
	GlobalSection(SolutionProperties) = preSolution
		HideSolutionNode = FALSE
	EndGlobalSection
	GlobalSection(ExtensibilityGlobals) = postSolution
		SolutionGuid = {F983AAD7-D89B-4C84-92FB-79A78E4514A5}
	EndGlobalSection
EndGlobal
