
Microsoft Visual Studio Solution File, Format Version 12.00
# Visual Studio Version 16
VisualStudioVersion = 16.0.28917.181
MinimumVisualStudioVersion = 10.0.40219.1
Project("{9A19103F-16F7-4668-BE54-9A1E7A4F7556}") = "RabbitMQDemo.HelloWorld", "RabbitMQDemo.HelloWorld\RabbitMQDemo.HelloWorld.csproj", "{933FB570-CC16-4A8C-A709-D38F4AF0DBEE}"
EndProject
Project("{9A19103F-16F7-4668-BE54-9A1E7A4F7556}") = "RabbitMQDemo.Common", "RabbitMQDemo.Common\RabbitMQDemo.Common.csproj", "{35AD5D85-3590-4CB9-BA10-2A04EACC3A05}"
EndProject
Project("{9A19103F-16F7-4668-BE54-9A1E7A4F7556}") = "RabbitMQDemo.WorkQueues", "RabbitMQDemo.WorkQueues\RabbitMQDemo.WorkQueues.csproj", "{3783B0E4-00A3-4CFD-A0F9-81606FE89AB8}"
EndProject
Project("{9A19103F-16F7-4668-BE54-9A1E7A4F7556}") = "RabbitMQDemo.PublishSubscribe", "RabbitMQDemo.PublishSubscribe\RabbitMQDemo.PublishSubscribe.csproj", "{5FD79178-8A43-4C09-8325-3B331C00FB24}"
EndProject
Project("{9A19103F-16F7-4668-BE54-9A1E7A4F7556}") = "RabbitMQDemo.Routing", "RabbitMQDemo.Routing\RabbitMQDemo.Routing.csproj", "{9E0D5266-A30C-437C-AFCD-D898F8F53209}"
EndProject
Project("{FAE04EC0-301F-11D3-BF4B-00C04F79EFBC}") = "RabbitMQDemo.Topics", "RabbitMQDemo.Topics\RabbitMQDemo.Topics.csproj", "{019B9EB3-CF81-49F2-B328-44C899F5FAF4}"
EndProject
Project("{FAE04EC0-301F-11D3-BF4B-00C04F79EFBC}") = "RabbitMQDemo.RPC", "RabbitMQDemo.RPC\RabbitMQDemo.RPC.csproj", "{5D1CAB0C-8270-4ABD-9C27-9348D72C9A5F}"
EndProject
Global
	GlobalSection(SolutionConfigurationPlatforms) = preSolution
		Debug|Any CPU = Debug|Any CPU
		Release|Any CPU = Release|Any CPU
	EndGlobalSection
	GlobalSection(ProjectConfigurationPlatforms) = postSolution
		{933FB570-CC16-4A8C-A709-D38F4AF0DBEE}.Debug|Any CPU.ActiveCfg = Debug|Any CPU
		{933FB570-CC16-4A8C-A709-D38F4AF0DBEE}.Debug|Any CPU.Build.0 = Debug|Any CPU
		{933FB570-CC16-4A8C-A709-D38F4AF0DBEE}.Release|Any CPU.ActiveCfg = Release|Any CPU
		{933FB570-CC16-4A8C-A709-D38F4AF0DBEE}.Release|Any CPU.Build.0 = Release|Any CPU
		{35AD5D85-3590-4CB9-BA10-2A04EACC3A05}.Debug|Any CPU.ActiveCfg = Debug|Any CPU
		{35AD5D85-3590-4CB9-BA10-2A04EACC3A05}.Debug|Any CPU.Build.0 = Debug|Any CPU
		{35AD5D85-3590-4CB9-BA10-2A04EACC3A05}.Release|Any CPU.ActiveCfg = Release|Any CPU
		{35AD5D85-3590-4CB9-BA10-2A04EACC3A05}.Release|Any CPU.Build.0 = Release|Any CPU
		{3783B0E4-00A3-4CFD-A0F9-81606FE89AB8}.Debug|Any CPU.ActiveCfg = Debug|Any CPU
		{3783B0E4-00A3-4CFD-A0F9-81606FE89AB8}.Debug|Any CPU.Build.0 = Debug|Any CPU
		{3783B0E4-00A3-4CFD-A0F9-81606FE89AB8}.Release|Any CPU.ActiveCfg = Release|Any CPU
		{3783B0E4-00A3-4CFD-A0F9-81606FE89AB8}.Release|Any CPU.Build.0 = Release|Any CPU
		{5FD79178-8A43-4C09-8325-3B331C00FB24}.Debug|Any CPU.ActiveCfg = Debug|Any CPU
		{5FD79178-8A43-4C09-8325-3B331C00FB24}.Debug|Any CPU.Build.0 = Debug|Any CPU
		{5FD79178-8A43-4C09-8325-3B331C00FB24}.Release|Any CPU.ActiveCfg = Release|Any CPU
		{5FD79178-8A43-4C09-8325-3B331C00FB24}.Release|Any CPU.Build.0 = Release|Any CPU
		{9E0D5266-A30C-437C-AFCD-D898F8F53209}.Debug|Any CPU.ActiveCfg = Debug|Any CPU
		{9E0D5266-A30C-437C-AFCD-D898F8F53209}.Debug|Any CPU.Build.0 = Debug|Any CPU
		{9E0D5266-A30C-437C-AFCD-D898F8F53209}.Release|Any CPU.ActiveCfg = Release|Any CPU
		{9E0D5266-A30C-437C-AFCD-D898F8F53209}.Release|Any CPU.Build.0 = Release|Any CPU
		{019B9EB3-CF81-49F2-B328-44C899F5FAF4}.Debug|Any CPU.ActiveCfg = Debug|Any CPU
		{019B9EB3-CF81-49F2-B328-44C899F5FAF4}.Debug|Any CPU.Build.0 = Debug|Any CPU
		{019B9EB3-CF81-49F2-B328-44C899F5FAF4}.Release|Any CPU.ActiveCfg = Release|Any CPU
		{019B9EB3-CF81-49F2-B328-44C899F5FAF4}.Release|Any CPU.Build.0 = Release|Any CPU
		{5D1CAB0C-8270-4ABD-9C27-9348D72C9A5F}.Debug|Any CPU.ActiveCfg = Debug|Any CPU
		{5D1CAB0C-8270-4ABD-9C27-9348D72C9A5F}.Debug|Any CPU.Build.0 = Debug|Any CPU
		{5D1CAB0C-8270-4ABD-9C27-9348D72C9A5F}.Release|Any CPU.ActiveCfg = Release|Any CPU
		{5D1CAB0C-8270-4ABD-9C27-9348D72C9A5F}.Release|Any CPU.Build.0 = Release|Any CPU
	EndGlobalSection
	GlobalSection(SolutionProperties) = preSolution
		HideSolutionNode = FALSE
	EndGlobalSection
	GlobalSection(ExtensibilityGlobals) = postSolution
		SolutionGuid = {4995067B-41EC-4543-A204-764A648F1727}
	EndGlobalSection
EndGlobal
