
Microsoft Visual Studio Solution File, Format Version 12.00
# Visual Studio Version 16
VisualStudioVersion = 16.0.29519.181
MinimumVisualStudioVersion = 10.0.40219.1
Project("{9A19103F-16F7-4668-BE54-9A1E7A4F7556}") = "ApiDemo", "ApiDemo\ApiDemo.csproj", "{8EDC04D7-95EE-40DC-ABE7-3B9D6B03850D}"
EndProject
Project("{FAE04EC0-301F-11D3-BF4B-00C04F79EFBC}") = "Test", "Test\Test.csproj", "{C9709F04-BCA8-4579-B06B-4FBDED978EB9}"
EndProject
Global
	GlobalSection(SolutionConfigurationPlatforms) = preSolution
		Debug|Any CPU = Debug|Any CPU
		Release|Any CPU = Release|Any CPU
	EndGlobalSection
	GlobalSection(ProjectConfigurationPlatforms) = postSolution
		{8EDC04D7-95EE-40DC-ABE7-3B9D6B03850D}.Debug|Any CPU.ActiveCfg = Debug|Any CPU
		{8EDC04D7-95EE-40DC-ABE7-3B9D6B03850D}.Debug|Any CPU.Build.0 = Debug|Any CPU
		{8EDC04D7-95EE-40DC-ABE7-3B9D6B03850D}.Release|Any CPU.ActiveCfg = Release|Any CPU
		{8EDC04D7-95EE-40DC-ABE7-3B9D6B03850D}.Release|Any CPU.Build.0 = Release|Any CPU
		{C9709F04-BCA8-4579-B06B-4FBDED978EB9}.Debug|Any CPU.ActiveCfg = Debug|Any CPU
		{C9709F04-BCA8-4579-B06B-4FBDED978EB9}.Debug|Any CPU.Build.0 = Debug|Any CPU
		{C9709F04-BCA8-4579-B06B-4FBDED978EB9}.Release|Any CPU.ActiveCfg = Release|Any CPU
		{C9709F04-BCA8-4579-B06B-4FBDED978EB9}.Release|Any CPU.Build.0 = Release|Any CPU
	EndGlobalSection
	GlobalSection(SolutionProperties) = preSolution
		HideSolutionNode = FALSE
	EndGlobalSection
	GlobalSection(ExtensibilityGlobals) = postSolution
		SolutionGuid = {C0AC978D-81E9-41B9-B043-4AD1F20E3B8E}
	EndGlobalSection
EndGlobal
