
Microsoft Visual Studio Solution File, Format Version 12.00
# Visual Studio Version 16
VisualStudioVersion = 16.0.29519.181
MinimumVisualStudioVersion = 10.0.40219.1
Project("{FAE04EC0-301F-11D3-BF4B-00C04F79EFBC}") = "ApiDemo", "ApiDemo\ApiDemo.csproj", "{B66F5ADE-72EE-4E83-B5B0-F5C983DADE87}"
EndProject
Global
	GlobalSection(SolutionConfigurationPlatforms) = preSolution
		Debug|Any CPU = Debug|Any CPU
		Release|Any CPU = Release|Any CPU
	EndGlobalSection
	GlobalSection(ProjectConfigurationPlatforms) = postSolution
		{B66F5ADE-72EE-4E83-B5B0-F5C983DADE87}.Debug|Any CPU.ActiveCfg = Debug|Any CPU
		{B66F5ADE-72EE-4E83-B5B0-F5C983DADE87}.Debug|Any CPU.Build.0 = Debug|Any CPU
		{B66F5ADE-72EE-4E83-B5B0-F5C983DADE87}.Release|Any CPU.ActiveCfg = Release|Any CPU
		{B66F5ADE-72EE-4E83-B5B0-F5C983DADE87}.Release|Any CPU.Build.0 = Release|Any CPU
	EndGlobalSection
	GlobalSection(SolutionProperties) = preSolution
		HideSolutionNode = FALSE
	EndGlobalSection
	GlobalSection(ExtensibilityGlobals) = postSolution
		SolutionGuid = {609911C8-7466-4124-A2CD-626B3FF30A83}
	EndGlobalSection
EndGlobal
