
Microsoft Visual Studio Solution File, Format Version 12.00
# Visual Studio Version 16
VisualStudioVersion = 16.0.29519.181
MinimumVisualStudioVersion = 10.0.40219.1
Project("{9A19103F-16F7-4668-BE54-9A1E7A4F7556}") = "ApiDemo", "ApiDemo\ApiDemo.csproj", "{DE8CDD79-CCDA-41B7-B360-816F1A6F10E0}"
EndProject
Project("{FAE04EC0-301F-11D3-BF4B-00C04F79EFBC}") = "ImageLib", "ImageLib\ImageLib.csproj", "{FC31BD6A-DC53-45A2-A3EF-463D2BB05A93}"
EndProject
Global
	GlobalSection(SolutionConfigurationPlatforms) = preSolution
		Debug|Any CPU = Debug|Any CPU
		Release|Any CPU = Release|Any CPU
	EndGlobalSection
	GlobalSection(ProjectConfigurationPlatforms) = postSolution
		{DE8CDD79-CCDA-41B7-B360-816F1A6F10E0}.Debug|Any CPU.ActiveCfg = Debug|Any CPU
		{DE8CDD79-CCDA-41B7-B360-816F1A6F10E0}.Debug|Any CPU.Build.0 = Debug|Any CPU
		{DE8CDD79-CCDA-41B7-B360-816F1A6F10E0}.Release|Any CPU.ActiveCfg = Release|Any CPU
		{DE8CDD79-CCDA-41B7-B360-816F1A6F10E0}.Release|Any CPU.Build.0 = Release|Any CPU
		{FC31BD6A-DC53-45A2-A3EF-463D2BB05A93}.Debug|Any CPU.ActiveCfg = Debug|Any CPU
		{FC31BD6A-DC53-45A2-A3EF-463D2BB05A93}.Debug|Any CPU.Build.0 = Debug|Any CPU
		{FC31BD6A-DC53-45A2-A3EF-463D2BB05A93}.Release|Any CPU.ActiveCfg = Release|Any CPU
		{FC31BD6A-DC53-45A2-A3EF-463D2BB05A93}.Release|Any CPU.Build.0 = Release|Any CPU
	EndGlobalSection
	GlobalSection(SolutionProperties) = preSolution
		HideSolutionNode = FALSE
	EndGlobalSection
	GlobalSection(ExtensibilityGlobals) = postSolution
		SolutionGuid = {484DD9B8-E07F-4586-BEE3-38A6A3F4E7BD}
	EndGlobalSection
EndGlobal
